// !$*UTF8*$!
{
	archiveVersion = 1;
	classes = {
	};
	objectVersion = 46;
	objects = {

/* Begin PBXBuildFile section */
		DAAC7EA51EB7968500D3F4AA /* AppDelegate.swift in Sources */ = {isa = PBXBuildFile; fileRef = DAAC7EA41EB7968500D3F4AA /* AppDelegate.swift */; };
		DAAC7EA71EB7968500D3F4AA /* ViewController.swift in Sources */ = {isa = PBXBuildFile; fileRef = DAAC7EA61EB7968500D3F4AA /* ViewController.swift */; };
		DAAC7EAA1EB7968500D3F4AA /* Main.storyboard in Resources */ = {isa = PBXBuildFile; fileRef = DAAC7EA81EB7968500D3F4AA /* Main.storyboard */; };
		DAAC7EAC1EB7968500D3F4AA /* Assets.xcassets in Resources */ = {isa = PBXBuildFile; fileRef = DAAC7EAB1EB7968500D3F4AA /* Assets.xcassets */; };
		DAAC7EAF1EB7968500D3F4AA /* LaunchScreen.storyboard in Resources */ = {isa = PBXBuildFile; fileRef = DAAC7EAD1EB7968500D3F4AA /* LaunchScreen.storyboard */; };
/* End PBXBuildFile section */

/* Begin PBXFileReference section */
		DAAC7EA11EB7968500D3F4AA /* VirtualTourist.app */ = {isa = PBXFileReference; explicitFileType = wrapper.application; includeInIndex = 0; path = VirtualTourist.app; sourceTree = BUILT_PRODUCTS_DIR; };
		DAAC7EA41EB7968500D3F4AA /* AppDelegate.swift */ = {isa = PBXFileReference; lastKnownFileType = sourcecode.swift; path = AppDelegate.swift; sourceTree = "<group>"; };
		DAAC7EA61EB7968500D3F4AA /* ViewController.swift */ = {isa = PBXFileReference; lastKnownFileType = sourcecode.swift; path = ViewController.swift; sourceTree = "<group>"; };
		DAAC7EA91EB7968500D3F4AA /* Base */ = {isa = PBXFileReference; lastKnownFileType = file.storyboard; name = Base; path = Base.lproj/Main.storyboard; sourceTree = "<group>"; };
		DAAC7EAB1EB7968500D3F4AA /* Assets.xcassets */ = {isa = PBXFileReference; lastKnownFileType = folder.assetcatalog; path = Assets.xcassets; sourceTree = "<group>"; };
		DAAC7EAE1EB7968500D3F4AA /* Base */ = {isa = PBXFileReference; lastKnownFileType = file.storyboard; name = Base; path = Base.lproj/LaunchScreen.storyboard; sourceTree = "<group>"; };
		DAAC7EB01EB7968500D3F4AA /* Info.plist */ = {isa = PBXFileReference; lastKnownFileType = text.plist.xml; path = Info.plist; sourceTree = "<group>"; };
/* End PBXFileReference section */

/* Begin PBXFrameworksBuildPhase section */
		DAAC7E9E1EB7968500D3F4AA /* Frameworks */ = {
			isa = PBXFrameworksBuildPhase;
			buildActionMask = 2147483647;
			files = (
			);
			runOnlyForDeploymentPostprocessing = 0;
		};
/* End PBXFrameworksBuildPhase section */

/* Begin PBXGroup section */
		DAAC7E981EB7968500D3F4AA = {
			isa = PBXGroup;
			children = (
				DAAC7EA31EB7968500D3F4AA /* VirtualTourist */,
				DAAC7EA21EB7968500D3F4AA /* Products */,
			);
			sourceTree = "<group>";
		};
		DAAC7EA21EB7968500D3F4AA /* Products */ = {
			isa = PBXGroup;
			children = (
				DAAC7EA11EB7968500D3F4AA /* VirtualTourist.app */,
			);
			name = Products;
			sourceTree = "<group>";
		};
		DAAC7EA31EB7968500D3F4AA /* VirtualTourist */ = {
			isa = PBXGroup;
			children = (
				DAAC7EA41EB7968500D3F4AA /* AppDelegate.swift */,
				DAAC7EA61EB7968500D3F4AA /* ViewController.swift */,
				DAAC7EA81EB7968500D3F4AA /* Main.storyboard */,
				DAAC7EAB1EB7968500D3F4AA /* Assets.xcassets */,
				DAAC7EAD1EB7968500D3F4AA /* LaunchScreen.storyboard */,
				DAAC7EB01EB7968500D3F4AA /* Info.plist */,
			);
			path = VirtualTourist;
			sourceTree = "<group>";
		};
/* End PBXGroup section */

/* Begin PBXNativeTarget section */
		DAAC7EA01EB7968500D3F4AA /* VirtualTourist */ = {
			isa = PBXNativeTarget;
			buildConfigurationList = DAAC7EB31EB7968500D3F4AA /* Build configuration list for PBXNativeTarget "VirtualTourist" */;
			buildPhases = (
				DAAC7E9D1EB7968500D3F4AA /* Sources */,
				DAAC7E9E1EB7968500D3F4AA /* Frameworks */,
				DAAC7E9F1EB7968500D3F4AA /* Resources */,
			);
			buildRules = (
			);
			dependencies = (
			);
			name = VirtualTourist;
			productName = VirtualTourist;
			productReference = DAAC7EA11EB7968500D3F4AA /* VirtualTourist.app */;
			productType = "com.apple.product-type.application";
		};
/* End PBXNativeTarget section */

/* Begin PBXProject section */
		DAAC7E991EB7968500D3F4AA /* Project object */ = {
			isa = PBXProject;
			attributes = {
				LastSwiftUpdateCheck = 0830;
				LastUpgradeCheck = 0830;
				ORGANIZATIONNAME = "Dean Copeland";
				TargetAttributes = {
					DAAC7EA01EB7968500D3F4AA = {
						CreatedOnToolsVersion = 8.3.2;
						DevelopmentTeam = Z6574P25A8;
						ProvisioningStyle = Automatic;
					};
				};
			};
			buildConfigurationList = DAAC7E9C1EB7968500D3F4AA /* Build configuration list for PBXProject "VirtualTourist" */;
			compatibilityVersion = "Xcode 3.2";
			developmentRegion = English;
			hasScannedForEncodings = 0;
			knownRegions = (
				en,
				Base,
			);
			mainGroup = DAAC7E981EB7968500D3F4AA;
			productRefGroup = DAAC7EA21EB7968500D3F4AA /* Products */;
			projectDirPath = "";
			projectRoot = "";
			targets = (
				DAAC7EA01EB7968500D3F4AA /* VirtualTourist */,
			);
		};
/* End PBXProject section */

/* Begin PBXResourcesBuildPhase section */
		DAAC7E9F1EB7968500D3F4AA /* Resources */ = {
			isa = PBXResourcesBuildPhase;
			buildActionMask = 2147483647;
			files = (
				DAAC7EAF1EB7968500D3F4AA /* LaunchScreen.storyboard in Resources */,
				DAAC7EAC1EB7968500D3F4AA /* Assets.xcassets in Resources */,
				DAAC7EAA1EB7968500D3F4AA /* Main.storyboard in Resources */,
			);
			runOnlyForDeploymentPostprocessing = 0;
		};
/* End PBXResourcesBuildPhase section */

/* Begin PBXSourcesBuildPhase section */
		DAAC7E9D1EB7968500D3F4AA /* Sources */ = {
			isa = PBXSourcesBuildPhase;
			buildActionMask = 2147483647;
			files = (
				DAAC7EA71EB7968500D3F4AA /* ViewController.swift in Sources */,
				DAAC7EA51EB7968500D3F4AA /* AppDelegate.swift in Sources */,
			);
			runOnlyForDeploymentPostprocessing = 0;
		};
/* End PBXSourcesBuildPhase section */

/* Begin PBXVariantGroup section */
		DAAC7EA81EB7968500D3F4AA /* Main.storyboard */ = {
			isa = PBXVariantGroup;
			children = (
				DAAC7EA91EB7968500D3F4AA /* Base */,
			);
			name = Main.storyboard;
			sourceTree = "<group>";
		};
		DAAC7EAD1EB7968500D3F4AA /* LaunchScreen.storyboard */ = {
			isa = PBXVariantGroup;
			children = (
				DAAC7EAE1EB7968500D3F4AA /* Base */,
			);
			name = LaunchScreen.storyboard;
			sourceTree = "<group>";
		};
/* End PBXVariantGroup section */

/* Begin XCBuildConfiguration section */
		DAAC7EB11EB7968500D3F4AA /* Debug */ = {
			isa = XCBuildConfiguration;
			buildSettings = {
				ALWAYS_SEARCH_USER_PATHS = NO;
				CLANG_ANALYZER_NONNULL = YES;
				CLANG_ANALYZER_NUMBER_OBJECT_CONVERSION = YES_AGGRESSIVE;
				CLANG_CXX_LANGUAGE_STANDARD = "gnu++0x";
				CLANG_CXX_LIBRARY = "libc++";
				CLANG_ENABLE_MODULES = YES;
				CLANG_ENABLE_OBJC_ARC = YES;
				CLANG_WARN_BOOL_CONVERSION = YES;
				CLANG_WARN_CONSTANT_CONVERSION = YES;
				CLANG_WARN_DIRECT_OBJC_ISA_USAGE = YES_ERROR;
				CLANG_WARN_DOCUMENTATION_COMMENTS = YES;
				CLANG_WARN_EMPTY_BODY = YES;
				CLANG_WARN_ENUM_CONVERSION = YES;
				CLANG_WARN_INFINITE_RECURSION = YES;
				CLANG_WARN_INT_CONVERSION = YES;
				CLANG_WARN_OBJC_ROOT_CLASS = YES_ERROR;
				CLANG_WARN_SUSPICIOUS_MOVE = YES;
				CLANG_WARN_UNREACHABLE_CODE = YES;
				CLANG_WARN__DUPLICATE_METHOD_MATCH = YES;
				"CODE_SIGN_IDENTITY[sdk=iphoneos*]" = "iPhone Developer";
				COPY_PHASE_STRIP = NO;
				DEBUG_INFORMATION_FORMAT = dwarf;
				ENABLE_STRICT_OBJC_MSGSEND = YES;
				ENABLE_TESTABILITY = YES;
				GCC_C_LANGUAGE_STANDARD = gnu99;
				GCC_DYNAMIC_NO_PIC = NO;
				GCC_NO_COMMON_BLOCKS = YES;
				GCC_OPTIMIZATION_LEVEL = 0;
				GCC_PREPROCESSOR_DEFINITIONS = (
					"DEBUG=1",
					"$(inherited)",
				);
				GCC_WARN_64_TO_32_BIT_CONVERSION = YES;
				GCC_WARN_ABOUT_RETURN_TYPE = YES_ERROR;
				GCC_WARN_UNDECLARED_SELECTOR = YES;
				GCC_WARN_UNINITIALIZED_AUTOS = YES_AGGRESSIVE;
				GCC_WARN_UNUSED_FUNCTION = YES;
				GCC_WARN_UNUSED_VARIABLE = YES;
				IPHONEOS_DEPLOYMENT_TARGET = 10.3;
				MTL_ENABLE_DEBUG_INFO = YES;
				ONLY_ACTIVE_ARCH = YES;
				SDKROOT = iphoneos;
				SWIFT_ACTIVE_COMPILATION_CONDITIONS = DEBUG;
				SWIFT_OPTIMIZATION_LEVEL = "-Onone";
				TARGETED_DEVICE_FAMILY = "1,2";
			};
			name = Debug;
		};
		DAAC7EB21EB7968500D3F4AA /* Release */ = {
			isa = XCBuildConfiguration;
			buildSettings = {
				ALWAYS_SEARCH_USER_PATHS = NO;
				CLANG_ANALYZER_NONNULL = YES;
				CLANG_ANALYZER_NUMBER_OBJECT_CONVERSION = YES_AGGRESSIVE;
				CLANG_CXX_LANGUAGE_STANDARD = "gnu++0x";
				CLANG_CXX_LIBRARY = "libc++";
				CLANG_ENABLE_MODULES = YES;
				CLANG_ENABLE_OBJC_ARC = YES;
				CLANG_WARN_BOOL_CONVERSION = YES;
				CLANG_WARN_CONSTANT_CONVERSION = YES;
				CLANG_WARN_DIRECT_OBJC_ISA_USAGE = YES_ERROR;
				CLANG_WARN_DOCUMENTATION_COMMENTS = YES;
				CLANG_WARN_EMPTY_BODY = YES;
				CLANG_WARN_ENUM_CONVERSION = YES;
				CLANG_WARN_INFINITE_RECURSION = YES;
				CLANG_WARN_INT_CONVERSION = YES;
				CLANG_WARN_OBJC_ROOT_CLASS = YES_ERROR;
				CLANG_WARN_SUSPICIOUS_MOVE = YES;
				CLANG_WARN_UNREACHABLE_CODE = YES;
				CLANG_WARN__DUPLICATE_METHOD_MATCH = YES;
				"CODE_SIGN_IDENTITY[sdk=iphoneos*]" = "iPhone Developer";
				COPY_PHASE_STRIP = NO;
				DEBUG_INFORMATION_FORMAT = "dwarf-with-dsym";
				ENABLE_NS_ASSERTIONS = NO;
				ENABLE_STRICT_OBJC_MSGSEND = YES;
				GCC_C_LANGUAGE_STANDARD = gnu99;
				GCC_NO_COMMON_BLOCKS = YES;
				GCC_WARN_64_TO_32_BIT_CONVERSION = YES;
				GCC_WARN_ABOUT_RETURN_TYPE = YES_ERROR;
				GCC_WARN_UNDECLARED_SELECTOR = YES;
				GCC_WARN_UNINITIALIZED_AUTOS = YES_AGGRESSIVE;
				GCC_WARN_UNUSED_FUNCTION = YES;
				GCC_WARN_UNUSED_VARIABLE = YES;
				IPHONEOS_DEPLOYMENT_TARGET = 10.3;
				MTL_ENABLE_DEBUG_INFO = NO;
				SDKROOT = iphoneos;
				SWIFT_OPTIMIZATION_LEVEL = "-Owholemodule";
				TARGETED_DEVICE_FAMILY = "1,2";
				VALIDATE_PRODUCT = YES;
			};
			name = Release;
		};
		DAAC7EB41EB7968500D3F4AA /* Debug */ = {
			isa = XCBuildConfiguration;
			buildSettings = {
				ASSETCATALOG_COMPILER_APPICON_NAME = AppIcon;
				DEVELOPMENT_TEAM = Z6574P25A8;
				INFOPLIST_FILE = VirtualTourist/Info.plist;
				LD_RUNPATH_SEARCH_PATHS = "$(inherited) @executable_path/Frameworks";
				PRODUCT_BUNDLE_IDENTIFIER = com.copeland.dean.VirtualTourist;
				PRODUCT_NAME = "$(TARGET_NAME)";
				SWIFT_VERSION = 3.0;
			};
			name = Debug;
		};
		DAAC7EB51EB7968500D3F4AA /* Release */ = {
			isa = XCBuildConfiguration;
			buildSettings = {
				ASSETCATALOG_COMPILER_APPICON_NAME = AppIcon;
				DEVELOPMENT_TEAM = Z6574P25A8;
				INFOPLIST_FILE = VirtualTourist/Info.plist;
				LD_RUNPATH_SEARCH_PATHS = "$(inherited) @executable_path/Frameworks";
				PRODUCT_BUNDLE_IDENTIFIER = com.copeland.dean.VirtualTourist;
				PRODUCT_NAME = "$(TARGET_NAME)";
				SWIFT_VERSION = 3.0;
			};
			name = Release;
		};
/* End XCBuildConfiguration section */

/* Begin XCConfigurationList section */
		DAAC7E9C1EB7968500D3F4AA /* Build configuration list for PBXProject "VirtualTourist" */ = {
			isa = XCConfigurationList;
			buildConfigurations = (
				DAAC7EB11EB7968500D3F4AA /* Debug */,
				DAAC7EB21EB7968500D3F4AA /* Release */,
			);
			defaultConfigurationIsVisible = 0;
			defaultConfigurationName = Release;
		};
		DAAC7EB31EB7968500D3F4AA /* Build configuration list for PBXNativeTarget "VirtualTourist" */ = {
			isa = XCConfigurationList;
			buildConfigurations = (
				DAAC7EB41EB7968500D3F4AA /* Debug */,
				DAAC7EB51EB7968500D3F4AA /* Release */,
			);
			defaultConfigurationIsVisible = 0;
		};
/* End XCConfigurationList section */
	};
	rootObject = DAAC7E991EB7968500D3F4AA /* Project object */;
}
